{
  "version": 4,
  "terraform_version": "1.11.2",
  "serial": 125,
  "lineage": "6a677cc4-7123-7ccf-ec44-5a595155d1d3",
  "outputs": {
    "eks_cluster_security_group": {
      "value": null,
      "type": "string"
    },
    "existing_igw_id": {
      "value": "igw-0ac2e1b5b4fa4f8d7",
      "type": "string"
    },
    "first_two_public_subnets": {
      "value": [
        "subnet-010b5d01c66e87160",
        "subnet-037724724c411c2de"
      ],
      "type": [
        "tuple",
        [
          "string",
          "string"
        ]
      ]
    },
    "private_subnet_ids": {
      "value": [
        "subnet-0398324fdee4b5875",
        "subnet-037724724c411c2de"
      ],
      "type": [
        "tuple",
        [
          "string",
          "string"
        ]
      ]
    }
  },
  "resources": [
    {
      "mode": "data",
      "type": "aws_ecr_authorization_token",
      "name": "token",
      "provider": "provider[\"registry.terraform.io/hashicorp/aws\"]",
      "instances": [
        {
          "schema_version": 0,
          "attributes": {
            "authorization_token": "QVdTOmV5SndZWGxzYjJGa0lqb2lWRFZLVWxacVdrdE1VeTlRU2s5S01saFNia0kxT0ZOa2RqWmlkR1oyVURaNU9HRTFOM2hxUTJOYWFtNVdlSGhSYTJjeWNrSjNjV2RaY0hrMGJVMWlRbVJQZUhacGRFVTFTMEZVV1V4U1lsZzVkemxHZG10cFpsY3ZkVTk0ZFVOeGRIRmxaRmhoVVhwWFMwRjVVbWRXVVRsSWQwdDZNbmhvUzJWd0wzQlRPVm80V2pkUGJXOURUSGR3ZVZSeEwyWkJTbGt3VDNkdVNTdFNTMjFLT1hCdE1tVTFVekl4ZDFWWk0xSlFkbkZ6V1ZsclUzZFFURU5XYUdkMmFXOHlWM1Z3SzJkQ2JsWkNhbUpIWTJwWU5rcGFZWFZTY1VZNFJYSnJiSFZoWjJwdGJFRmhjWGd4YmpSaVZXeFhXRFJNU25SUFJFMUxRMGt2Y1hWSk1XdFRlamhIUzJVdlZTdDBhMHBOZERkNGRGQTVaMDlDUTJnMU56ZExSVFJRYjJKdGExRnhTRXhtVUROeWMwNU1XakpPUWpSblRXTkNOSGMzVW05WFRFVkhRa2R6VjBZNGNFNVdhVFl3U1c5bE9EaEdlWGxZZFV4Q1pWbEJTRWxvWWpSWmVHY3hVbFp6U1ZCS1dtbzVRbXRuYVcxcVdtUjVjUzh2UTFSVGMyZDZZMkpXVVZwa1RDdFZTMXBQVVU5VmR6VmhiM0JLVjFwTlJuQTFWR3BJY2xCU2VFdDBVMVp5WVd0TFptZFlXR1oxWVUxaWFFOUlRa3hVTkRWSlpHeE5SRmc0UWpWNlZtMVhSVFZWVEhWTldqTnFZMDF4WjBOUE5YcEllRzlWTmtkb1JEVjFOekp1TkRoMldFcFBXblZIT0VVdlIwbDRTbUl2WmsxUmFFYzRNSGxEYmxrM00yYzBlSHBIYUdOUWRUWTROMFJHUm5oeFNVODNUM0JXZWtzM2FtdERRVGRqYmpVeUswVlNSMHhqT1UxdllUSlJibU5LUWtKWU9XMHZkakZ2TlhOYVUzbFBPV1JUTlZaWU1WaGxVMXB3TDFoUVVIbFNlbWRqTUhrdlNXWmFVSGc1YWxjclFYcGtiR1l2TmtKMlREZzNhbGhOYzJaUE1URndORkZySzJONVVUYzRjVlJNYTFSdVZWaEJiMUpLUVVaVFFuaGFUSEJVYzJWdVNrNW1ZVk5sUlZkSVJqRlFRV2RYV2tVMGNrNHhiQzl6UW5wNFZsVnFUV0Z3YzBsRmExaDVXRFp5ZVRGcmFtcG9UVzlzUmtOdU1FYzBTR1ZaYUdaRE9YSnJhMVoxVFd4SFVFWTBOa3BrWkU5SFdrRkhUME5OWWtkRlRqRTVWRzVsWldaT1QxRndha0ZvUW5SWFZYSnBVRkpyWkVSaU5HRTFSV2d3YzJoNGRtWlhZVVJuYXpoWlQzaG5VWE5MUW5vclNVVmlkMVZPTlVGWUwwbG9UbEZ2WVM5V2FuRnJhRUpCU0dsdFZqaEZUVmMzT1VreFNGWTJjV3RJVnpCUk0zSmtOVWxGSzNsclZVbFBORE50ZFc5VE5GaDRTa1ZZU1hSTFF6ZERLelY0U0V0SFMzZG1jMVZ1Y0ZKU1FVOWtha05KUzNORlJHVk1lV3gzUW5NMVpEZHpOR1ZCVFVoUU5tVlVOVmwzZUhoeFEzcHNVblZPWlVseVZXMVdaMGQ0VWpKVU1sZHFlalJHWVROdGNGZDVUVUZSWTNkNE9IWjBjMU0wYmpRMk5TOUNhMGQzUkdaalUxUkNPV0ZKV204MFMxWjRXbUoxY1dGWlpHNU9hR0pXWjJoNmJWY3diV1JQUjI5eFdVaDJNbWR5VlhCRmJtdzFiSEJ3YUVkcVVUMDlJaXdpWkdGMFlXdGxlU0k2SWtGUlNVSkJTR2xJVjJGWlZHNVNWVmREWW01Nkt6ZE1kazFISzBGUWRsUklla2hzUWxWUk9VWnhSVzFXTWpaQ1pIZDNSV0pDZEU5M1pEWXliMkpXYUcxR2JVdEVXaXQySzBGQlFVRm1ha0k0UW1kcmNXaHJhVWM1ZHpCQ1FuZGhaMko2UW5SQlowVkJUVWRuUjBOVGNVZFRTV0l6UkZGRlNFRlVRV1ZDWjJ4bmFHdG5RbHBSVFVWQlV6UjNSVkZSVFhCMFVXWnRiVlU1VDFwSk5rVjRVbmRCWjBWUlowUjJkbXBJUkcxNWEySlZSVmxEUlZkaFdUZEdOMUYyVFhOdFptcHVaM041Y20xVWREbFJWVGxsVEVseE1XeFZRazV6UmtaRVExZHhMM2w1ZURWSmRtcG5LMUpxYkhSQllsaFRjV1UxUlRKclFUMDlJaXdpZG1WeWMybHZiaUk2SWpJaUxDSjBlWEJsSWpvaVJFRlVRVjlMUlZraUxDSmxlSEJwY21GMGFXOXVJam94TnpRek9UQXhORGc1ZlE9PQ==",
            "expires_at": "2025-04-06T01:04:49Z",
            "id": "ap-south-1",
            "password": "eyJwYXlsb2FkIjoiVDVKUlZqWktMUy9QSk9KMlhSbkI1OFNkdjZidGZ2UDZ5OGE1N3hqQ2Naam5WeHhRa2cyckJ3cWdZcHk0bU1iQmRPeHZpdEU1S0FUWUxSYlg5dzlGdmtpZlcvdU94dUNxdHFlZFhhUXpXS0F5UmdWUTlId0t6MnhoS2VwL3BTOVo4WjdPbW9DTHdweVRxL2ZBSlkwT3duSStSS21KOXBtMmU1UzIxd1VZM1JQdnFzWVlrU3dQTENWaGd2aW8yV3VwK2dCblZCamJHY2pYNkpaYXVScUY4RXJrbHVhZ2ptbEFhcXgxbjRiVWxXWDRMSnRPRE1LQ0kvcXVJMWtTejhHS2UvVSt0a0pNdDd4dFA5Z09CQ2g1NzdLRTRQb2Jta1FxSExmUDNyc05MWjJOQjRnTWNCNHc3Um9XTEVHQkdzV0Y4cE5WaTYwSW9lODhGeXlYdUxCZVlBSEloYjRZeGcxUlZzSVBKWmo5QmtnaW1qWmR5cS8vQ1RTc2d6Y2JWUVpkTCtVS1pPUU9VdzVhb3BKV1pNRnA1VGpIclBSeEt0U1ZyYWtLZmdYWGZ1YU1iaE9IQkxUNDVJZGxNRFg4QjV6Vm1XRTVVTHVNWjNqY01xZ0NPNXpIeG9VNkdoRDV1NzJuNDh2WEpPWnVHOEUvR0l4SmIvZk1RaEc4MHlDblk3M2c0eHpHaGNQdTY4N0RGRnhxSU83T3BWeks3amtDQTdjbjUyK0VSR0xjOU1vYTJRbmNKQkJYOW0vdjFvNXNaU3lPOWRTNVZYMVhlU1pwL1hQUHlSemdjMHkvSWZaUHg5alcrQXpkbGYvNkJ2TDg3alhNc2ZPMTFwNFFrK2N5UTc4cVRMa1RuVVhBb1JKQUZTQnhaTHBUc2VuSk5mYVNlRVdIRjFQQWdXWkU0ck4xbC9zQnp4VlVqTWFwc0lFa1h5WDZyeTFrampoTW9sRkNuMEc0SGVZaGZDOXJra1Z1TWxHUEY0NkpkZE9HWkFHT0NNYkdFTjE5VG5lZWZOT1FwakFoQnRXVXJpUFJrZERiNGE1RWgwc2h4dmZXYURnazhZT3hnUXNLQnorSUVid1VONUFYL0loTlFvYS9WanFraEJBSGltVjhFTVc3OUkxSFY2cWtIVzBRM3JkNUlFK3lrVUlPNDNtdW9TNFh4SkVYSXRLQzdDKzV4SEtHS3dmc1VucFJSQU9kakNJS3NFRGVMeWx3QnM1ZDdzNGVBTUhQNmVUNVl3eHhxQ3psUnVOZUlyVW1WZ0d4UjJUMldqejRGYTNtcFd5TUFRY3d4OHZ0c1M0bjQ2NS9Ca0d3RGZjU1RCOWFJWm80S1Z4WmJ1cWFZZG5OaGJWZ2h6bVcwbWRPR29xWUh2MmdyVXBFbmw1bHBwaEdqUT09IiwiZGF0YWtleSI6IkFRSUJBSGlIV2FZVG5SVVdDYm56KzdMdk1HK0FQdlRIekhsQlVROUZxRW1WMjZCZHd3RWJCdE93ZDYyb2JWaG1GbUtEWit2K0FBQUFmakI4QmdrcWhraUc5dzBCQndhZ2J6QnRBZ0VBTUdnR0NTcUdTSWIzRFFFSEFUQWVCZ2xnaGtnQlpRTUVBUzR3RVFRTXB0UWZtbVU5T1pJNkV4UndBZ0VRZ0R2dmpIRG15a2JVRVlDRVdhWTdGN1F2TXNtZmpuZ3N5cm1UdDlRVTllTElxMWxVQk5zRkZEQ1dxL3l5eDVJdmpnK1JqbHRBYlhTcWU1RTJrQT09IiwidmVyc2lvbiI6IjIiLCJ0eXBlIjoiREFUQV9LRVkiLCJleHBpcmF0aW9uIjoxNzQzOTAxNDg5fQ==",
            "proxy_endpoint": "https://520868820355.dkr.ecr.ap-south-1.amazonaws.com",
            "registry_id": null,
            "user_name": "AWS"
          },
          "sensitive_attributes": [
            [
              {
                "type": "get_attr",
                "value": "authorization_token"
              }
            ],
            [
              {
                "type": "get_attr",
                "value": "password"
              }
            ]
          ]
        }
      ]
    },
    {
      "mode": "data",
      "type": "aws_internet_gateway",
      "name": "default",
      "provider": "provider[\"registry.terraform.io/hashicorp/aws\"]",
      "instances": [
        {
          "schema_version": 0,
          "attributes": {
            "arn": "arn:aws:ec2:ap-south-1:520868820355:internet-gateway/igw-0ac2e1b5b4fa4f8d7",
            "attachments": [
              {
                "state": "available",
                "vpc_id": "vpc-0737d749e2dee4893"
              }
            ],
            "filter": [
              {
                "name": "attachment.vpc-id",
                "values": [
                  "vpc-0737d749e2dee4893"
                ]
              }
            ],
            "id": "igw-0ac2e1b5b4fa4f8d7",
            "internet_gateway_id": "igw-0ac2e1b5b4fa4f8d7",
            "owner_id": "520868820355",
            "tags": {},
            "timeouts": null
          },
          "sensitive_attributes": []
        }
      ]
    },
    {
      "mode": "data",
      "type": "aws_subnet",
      "name": "my_subnet",
      "provider": "provider[\"registry.terraform.io/hashicorp/aws\"]",
      "instances": [
        {
          "schema_version": 0,
          "attributes": {
            "arn": "arn:aws:ec2:ap-south-1:520868820355:subnet/subnet-0a18307b117c47f8a",
            "assign_ipv6_address_on_creation": false,
            "availability_zone": "ap-south-1c",
            "availability_zone_id": "aps1-az2",
            "available_ip_address_count": 4091,
            "cidr_block": "172.31.16.0/20",
            "customer_owned_ipv4_pool": "",
            "default_for_az": true,
            "enable_dns64": false,
            "enable_lni_at_device_index": 0,
            "enable_resource_name_dns_a_record_on_launch": false,
            "enable_resource_name_dns_aaaa_record_on_launch": false,
            "filter": null,
            "id": "subnet-0a18307b117c47f8a",
            "ipv6_cidr_block": "",
            "ipv6_cidr_block_association_id": "",
            "ipv6_native": false,
            "map_customer_owned_ip_on_launch": false,
            "map_public_ip_on_launch": true,
            "outpost_arn": "",
            "owner_id": "520868820355",
            "private_dns_hostname_type_on_launch": "ip-name",
            "state": "available",
            "tags": {},
            "timeouts": null,
            "vpc_id": "vpc-0737d749e2dee4893"
          },
          "sensitive_attributes": []
        }
      ]
    },
    {
      "mode": "data",
      "type": "aws_subnet",
      "name": "public_subnet_1",
      "provider": "provider[\"registry.terraform.io/hashicorp/aws\"]",
      "instances": [
        {
          "schema_version": 0,
          "attributes": {
            "arn": "arn:aws:ec2:ap-south-1:520868820355:subnet/subnet-010b5d01c66e87160",
            "assign_ipv6_address_on_creation": false,
            "availability_zone": "ap-south-1b",
            "availability_zone_id": "aps1-az3",
            "available_ip_address_count": 4089,
            "cidr_block": "172.31.0.0/20",
            "customer_owned_ipv4_pool": "",
            "default_for_az": true,
            "enable_dns64": false,
            "enable_lni_at_device_index": 0,
            "enable_resource_name_dns_a_record_on_launch": false,
            "enable_resource_name_dns_aaaa_record_on_launch": false,
            "filter": null,
            "id": "subnet-010b5d01c66e87160",
            "ipv6_cidr_block": "",
            "ipv6_cidr_block_association_id": "",
            "ipv6_native": false,
            "map_customer_owned_ip_on_launch": false,
            "map_public_ip_on_launch": true,
            "outpost_arn": "",
            "owner_id": "520868820355",
            "private_dns_hostname_type_on_launch": "ip-name",
            "state": "available",
            "tags": {},
            "timeouts": null,
            "vpc_id": "vpc-0737d749e2dee4893"
          },
          "sensitive_attributes": []
        }
      ]
    },
    {
      "mode": "data",
      "type": "aws_subnet",
      "name": "public_subnet_2",
      "provider": "provider[\"registry.terraform.io/hashicorp/aws\"]",
      "instances": [
        {
          "schema_version": 0,
          "attributes": {
            "arn": "arn:aws:ec2:ap-south-1:520868820355:subnet/subnet-037724724c411c2de",
            "assign_ipv6_address_on_creation": false,
            "availability_zone": "ap-south-1b",
            "availability_zone_id": "aps1-az3",
            "available_ip_address_count": 4091,
            "cidr_block": "172.31.64.0/20",
            "customer_owned_ipv4_pool": "",
            "default_for_az": false,
            "enable_dns64": false,
            "enable_lni_at_device_index": 0,
            "enable_resource_name_dns_a_record_on_launch": false,
            "enable_resource_name_dns_aaaa_record_on_launch": false,
            "filter": null,
            "id": "subnet-037724724c411c2de",
            "ipv6_cidr_block": "",
            "ipv6_cidr_block_association_id": "",
            "ipv6_native": false,
            "map_customer_owned_ip_on_launch": false,
            "map_public_ip_on_launch": false,
            "outpost_arn": "",
            "owner_id": "520868820355",
            "private_dns_hostname_type_on_launch": "ip-name",
            "state": "available",
            "tags": {
              "Name": "WorkerPrivateSubnet2"
            },
            "timeouts": null,
            "vpc_id": "vpc-0737d749e2dee4893"
          },
          "sensitive_attributes": []
        }
      ]
    },
    {
      "mode": "data",
      "type": "aws_subnets",
      "name": "public_subnets",
      "provider": "provider[\"registry.terraform.io/hashicorp/aws\"]",
      "instances": [
        {
          "schema_version": 0,
          "attributes": {
            "filter": [
              {
                "name": "availability-zone",
                "values": [
                  "ap-south-1a",
                  "ap-south-1b",
                  "ap-south-1c"
                ]
              }
            ],
            "id": "ap-south-1",
            "ids": [
              "subnet-0a18307b117c47f8a",
              "subnet-037724724c411c2de",
              "subnet-010b5d01c66e87160",
              "subnet-0398324fdee4b5875",
              "subnet-0f070bcb4f460ff4f"
            ],
            "tags": null,
            "timeouts": null
          },
          "sensitive_attributes": []
        }
      ]
    },
    {
      "mode": "data",
      "type": "aws_vpc",
      "name": "default",
      "provider": "provider[\"registry.terraform.io/hashicorp/aws\"]",
      "instances": [
        {
          "schema_version": 0,
          "attributes": {
            "arn": "arn:aws:ec2:ap-south-1:520868820355:vpc/vpc-0737d749e2dee4893",
            "cidr_block": "172.31.0.0/16",
            "cidr_block_associations": [
              {
                "association_id": "vpc-cidr-assoc-0e09e78b7cf999d18",
                "cidr_block": "172.31.0.0/16",
                "state": "associated"
              }
            ],
            "default": true,
            "dhcp_options_id": "dopt-0190243ee85db64c2",
            "enable_dns_hostnames": true,
            "enable_dns_support": true,
            "enable_network_address_usage_metrics": false,
            "filter": null,
            "id": "vpc-0737d749e2dee4893",
            "instance_tenancy": "default",
            "ipv6_association_id": "",
            "ipv6_cidr_block": "",
            "main_route_table_id": "rtb-0c198ae3165534271",
            "owner_id": "520868820355",
            "state": null,
            "tags": {},
            "timeouts": null
          },
          "sensitive_attributes": []
        }
      ]
    },
    {
      "mode": "managed",
      "type": "aws_eip",
      "name": "nat_gateway_eip",
      "provider": "provider[\"registry.terraform.io/hashicorp/aws\"]",
      "instances": [
        {
          "schema_version": 0,
          "attributes": {
            "address": null,
            "allocation_id": "eipalloc-0e89bdfec4b197430",
            "arn": "arn:aws:ec2:ap-south-1:520868820355:elastic-ip/eipalloc-0e89bdfec4b197430",
            "associate_with_private_ip": null,
            "association_id": "eipassoc-0000342455c0c356c",
            "carrier_ip": "",
            "customer_owned_ip": "",
            "customer_owned_ipv4_pool": "",
            "domain": "vpc",
            "id": "eipalloc-0e89bdfec4b197430",
            "instance": "",
            "ipam_pool_id": null,
            "network_border_group": "ap-south-1",
            "network_interface": "eni-0f854134f181dc321",
            "private_dns": "ip-172-31-12-253.ap-south-1.compute.internal",
            "private_ip": "172.31.12.253",
            "ptr_record": "",
            "public_dns": "ec2-13-202-4-179.ap-south-1.compute.amazonaws.com",
            "public_ip": "13.202.4.179",
            "public_ipv4_pool": "amazon",
            "tags": {
              "Name": "NAT Gateway EIP"
            },
            "tags_all": {
              "Name": "NAT Gateway EIP"
            },
            "timeouts": null,
            "vpc": true
          },
          "sensitive_attributes": [],
          "private": "eyJlMmJmYjczMC1lY2FhLTExZTYtOGY4OC0zNDM2M2JjN2M0YzAiOnsiZGVsZXRlIjoxODAwMDAwMDAwMDAsInJlYWQiOjkwMDAwMDAwMDAwMCwidXBkYXRlIjozMDAwMDAwMDAwMDB9fQ=="
        }
      ]
    },
    {
      "mode": "managed",
      "type": "aws_iam_role",
      "name": "eks_cluster_role",
      "provider": "provider[\"registry.terraform.io/hashicorp/aws\"]",
      "instances": [
        {
          "schema_version": 0,
          "attributes": {
            "arn": "arn:aws:iam::520868820355:role/EKSClusterRole",
            "assume_role_policy": "{\"Statement\":[{\"Action\":\"sts:AssumeRole\",\"Effect\":\"Allow\",\"Principal\":{\"Service\":\"eks.amazonaws.com\"}}],\"Version\":\"2012-10-17\"}",
            "create_date": "2025-04-05T12:27:15Z",
            "description": "",
            "force_detach_policies": false,
            "id": "EKSClusterRole",
            "inline_policy": [],
            "managed_policy_arns": [
              "arn:aws:iam::aws:policy/AmazonEKSClusterPolicy",
              "arn:aws:iam::aws:policy/AmazonEKSVPCResourceController",
              "arn:aws:iam::aws:policy/AmazonEKSWorkerNodePolicy"
            ],
            "max_session_duration": 3600,
            "name": "EKSClusterRole",
            "name_prefix": "",
            "path": "/",
            "permissions_boundary": "",
            "tags": {},
            "tags_all": {},
            "unique_id": "AROAXSRRTOWB2JXWCZHEA"
          },
          "sensitive_attributes": [],
          "private": "bnVsbA=="
        }
      ]
    },
    {
      "mode": "managed",
      "type": "aws_iam_role",
      "name": "eks_node_role",
      "provider": "provider[\"registry.terraform.io/hashicorp/aws\"]",
      "instances": [
        {
          "schema_version": 0,
          "attributes": {
            "arn": "arn:aws:iam::520868820355:role/eks-node-group",
            "assume_role_policy": "{\"Statement\":[{\"Action\":\"sts:AssumeRole\",\"Effect\":\"Allow\",\"Principal\":{\"Service\":\"ec2.amazonaws.com\"}}],\"Version\":\"2012-10-17\"}",
            "create_date": "2025-04-05T12:27:15Z",
            "description": "",
            "force_detach_policies": false,
            "id": "eks-node-group",
            "inline_policy": [],
            "managed_policy_arns": [
              "arn:aws:iam::aws:policy/AmazonEC2ContainerRegistryReadOnly",
              "arn:aws:iam::aws:policy/AmazonEKSWorkerNodePolicy",
              "arn:aws:iam::aws:policy/AmazonEKS_CNI_Policy"
            ],
            "max_session_duration": 3600,
            "name": "eks-node-group",
            "name_prefix": "",
            "path": "/",
            "permissions_boundary": "",
            "tags": {},
            "tags_all": {},
            "unique_id": "AROAXSRRTOWB73VHNA2Z4"
          },
          "sensitive_attributes": [],
          "private": "bnVsbA=="
        }
      ]
    },
    {
      "mode": "managed",
      "type": "aws_iam_role_policy_attachment",
      "name": "AmazonEC2ContainerRegistryReadOnly",
      "provider": "provider[\"registry.terraform.io/hashicorp/aws\"]",
      "instances": [
        {
          "schema_version": 0,
          "attributes": {
            "id": "eks-node-group-20250405122715441100000008",
            "policy_arn": "arn:aws:iam::aws:policy/AmazonEC2ContainerRegistryReadOnly",
            "role": "eks-node-group"
          },
          "sensitive_attributes": [],
          "private": "bnVsbA==",
          "dependencies": [
            "aws_iam_role.eks_node_role"
          ]
        }
      ]
    },
    {
      "mode": "managed",
      "type": "aws_iam_role_policy_attachment",
      "name": "AmazonEKSClusterPolicy",
      "provider": "provider[\"registry.terraform.io/hashicorp/aws\"]",
      "instances": [
        {
          "schema_version": 0,
          "attributes": {
            "id": "EKSClusterRole-20250405122715141300000005",
            "policy_arn": "arn:aws:iam::aws:policy/AmazonEKSClusterPolicy",
            "role": "EKSClusterRole"
          },
          "sensitive_attributes": [],
          "private": "bnVsbA==",
          "dependencies": [
            "aws_iam_role.eks_cluster_role"
          ]
        }
      ]
    },
    {
      "mode": "managed",
      "type": "aws_iam_role_policy_attachment",
      "name": "AmazonEKSVPCResourceController",
      "provider": "provider[\"registry.terraform.io/hashicorp/aws\"]",
      "instances": [
        {
          "schema_version": 0,
          "attributes": {
            "id": "EKSClusterRole-20250405122714864700000003",
            "policy_arn": "arn:aws:iam::aws:policy/AmazonEKSVPCResourceController",
            "role": "EKSClusterRole"
          },
          "sensitive_attributes": [],
          "private": "bnVsbA==",
          "dependencies": [
            "aws_iam_role.eks_cluster_role"
          ]
        }
      ]
    },
    {
      "mode": "managed",
      "type": "aws_iam_role_policy_attachment",
      "name": "AmazonEKSWorkerNodePolicy",
      "provider": "provider[\"registry.terraform.io/hashicorp/aws\"]",
      "instances": [
        {
          "schema_version": 0,
          "attributes": {
            "id": "eks-node-group-20250405122715424800000007",
            "policy_arn": "arn:aws:iam::aws:policy/AmazonEKSWorkerNodePolicy",
            "role": "eks-node-group"
          },
          "sensitive_attributes": [],
          "private": "bnVsbA==",
          "dependencies": [
            "aws_iam_role.eks_node_role"
          ]
        }
      ]
    },
    {
      "mode": "managed",
      "type": "aws_iam_role_policy_attachment",
      "name": "AmazonEKSWorkerNodePolicyforeks",
      "provider": "provider[\"registry.terraform.io/hashicorp/aws\"]",
      "instances": [
        {
          "schema_version": 0,
          "attributes": {
            "id": "EKSClusterRole-20250405122714865200000004",
            "policy_arn": "arn:aws:iam::aws:policy/AmazonEKSWorkerNodePolicy",
            "role": "EKSClusterRole"
          },
          "sensitive_attributes": [],
          "private": "bnVsbA==",
          "dependencies": [
            "aws_iam_role.eks_cluster_role"
          ]
        }
      ]
    },
    {
      "mode": "managed",
      "type": "aws_iam_role_policy_attachment",
      "name": "AmazonEKS_CNI_Policy",
      "provider": "provider[\"registry.terraform.io/hashicorp/aws\"]",
      "instances": [
        {
          "schema_version": 0,
          "attributes": {
            "id": "eks-node-group-20250405122715144600000006",
            "policy_arn": "arn:aws:iam::aws:policy/AmazonEKS_CNI_Policy",
            "role": "eks-node-group"
          },
          "sensitive_attributes": [],
          "private": "bnVsbA==",
          "dependencies": [
            "aws_iam_role.eks_node_role"
          ]
        }
      ]
    },
    {
      "mode": "managed",
      "type": "aws_lb",
      "name": "alb",
      "provider": "provider[\"registry.terraform.io/hashicorp/aws\"]",
      "instances": [
        {
          "schema_version": 0,
          "attributes": {
            "access_logs": [
              {
                "bucket": "",
                "enabled": false,
                "prefix": ""
              }
            ],
            "arn": "arn:aws:elasticloadbalancing:ap-south-1:520868820355:loadbalancer/app/traefik-alb/93fa70ba3c6a9354",
            "arn_suffix": "app/traefik-alb/93fa70ba3c6a9354",
            "client_keep_alive": 3600,
            "connection_logs": [
              {
                "bucket": "",
                "enabled": false,
                "prefix": ""
              }
            ],
            "customer_owned_ipv4_pool": "",
            "desync_mitigation_mode": "defensive",
            "dns_name": "traefik-alb-923496378.ap-south-1.elb.amazonaws.com",
            "dns_record_client_routing_policy": null,
            "drop_invalid_header_fields": false,
            "enable_cross_zone_load_balancing": true,
            "enable_deletion_protection": false,
            "enable_http2": true,
            "enable_tls_version_and_cipher_suite_headers": false,
            "enable_waf_fail_open": false,
            "enable_xff_client_port": false,
            "enable_zonal_shift": false,
            "enforce_security_group_inbound_rules_on_private_link_traffic": "",
            "id": "arn:aws:elasticloadbalancing:ap-south-1:520868820355:loadbalancer/app/traefik-alb/93fa70ba3c6a9354",
            "idle_timeout": 60,
            "internal": false,
            "ip_address_type": "ipv4",
            "ipam_pools": [],
            "load_balancer_type": "application",
            "name": "traefik-alb",
            "name_prefix": "",
            "preserve_host_header": false,
            "security_groups": [
              "sg-03e9fed50aacb4c24"
            ],
            "subnet_mapping": [
              {
                "allocation_id": "",
                "ipv6_address": "",
                "outpost_id": "",
                "private_ipv4_address": "",
                "subnet_id": "subnet-010b5d01c66e87160"
              },
              {
                "allocation_id": "",
                "ipv6_address": "",
                "outpost_id": "",
                "private_ipv4_address": "",
                "subnet_id": "subnet-0a18307b117c47f8a"
              }
            ],
            "subnets": [
              "subnet-010b5d01c66e87160",
              "subnet-0a18307b117c47f8a"
            ],
            "tags": {},
            "tags_all": {},
            "timeouts": null,
            "vpc_id": "vpc-0737d749e2dee4893",
            "xff_header_processing_mode": "append",
            "zone_id": "ZP97RAFLXTNZK"
          },
          "sensitive_attributes": [],
          "private": "eyJlMmJmYjczMC1lY2FhLTExZTYtOGY4OC0zNDM2M2JjN2M0YzAiOnsiY3JlYXRlIjo2MDAwMDAwMDAwMDAsImRlbGV0ZSI6NjAwMDAwMDAwMDAwLCJ1cGRhdGUiOjYwMDAwMDAwMDAwMH19",
          "dependencies": [
            "aws_security_group.alb_sg",
            "data.aws_vpc.default"
          ]
        }
      ]
    },
    {
      "mode": "managed",
      "type": "aws_lb_listener",
      "name": "http",
      "provider": "provider[\"registry.terraform.io/hashicorp/aws\"]",
      "instances": [
        {
          "schema_version": 0,
          "attributes": {
            "alpn_policy": null,
            "arn": "arn:aws:elasticloadbalancing:ap-south-1:520868820355:listener/app/traefik-alb/93fa70ba3c6a9354/95a53992f1e51e52",
            "certificate_arn": null,
            "default_action": [
              {
                "authenticate_cognito": [],
                "authenticate_oidc": [],
                "fixed_response": [],
                "forward": [],
                "order": 1,
                "redirect": [],
                "target_group_arn": "arn:aws:elasticloadbalancing:ap-south-1:520868820355:targetgroup/traefik-target-group/d91e9c20ac3beb01",
                "type": "forward"
              }
            ],
            "id": "arn:aws:elasticloadbalancing:ap-south-1:520868820355:listener/app/traefik-alb/93fa70ba3c6a9354/95a53992f1e51e52",
            "load_balancer_arn": "arn:aws:elasticloadbalancing:ap-south-1:520868820355:loadbalancer/app/traefik-alb/93fa70ba3c6a9354",
            "mutual_authentication": [],
            "port": 80,
            "protocol": "HTTP",
            "routing_http_request_x_amzn_mtls_clientcert_header_name": null,
            "routing_http_request_x_amzn_mtls_clientcert_issuer_header_name": null,
            "routing_http_request_x_amzn_mtls_clientcert_leaf_header_name": null,
            "routing_http_request_x_amzn_mtls_clientcert_serial_number_header_name": null,
            "routing_http_request_x_amzn_mtls_clientcert_subject_header_name": null,
            "routing_http_request_x_amzn_mtls_clientcert_validity_header_name": null,
            "routing_http_request_x_amzn_tls_cipher_suite_header_name": null,
            "routing_http_request_x_amzn_tls_version_header_name": null,
            "routing_http_response_access_control_allow_credentials_header_value": "",
            "routing_http_response_access_control_allow_headers_header_value": "",
            "routing_http_response_access_control_allow_methods_header_value": "",
            "routing_http_response_access_control_allow_origin_header_value": "",
            "routing_http_response_access_control_expose_headers_header_value": "",
            "routing_http_response_access_control_max_age_header_value": "",
            "routing_http_response_content_security_policy_header_value": "",
            "routing_http_response_server_enabled": false,
            "routing_http_response_strict_transport_security_header_value": "",
            "routing_http_response_x_content_type_options_header_value": "",
            "routing_http_response_x_frame_options_header_value": "",
            "ssl_policy": "",
            "tags": {},
            "tags_all": {},
            "tcp_idle_timeout_seconds": null,
            "timeouts": null
          },
          "sensitive_attributes": [],
          "private": "eyJlMmJmYjczMC1lY2FhLTExZTYtOGY4OC0zNDM2M2JjN2M0YzAiOnsiY3JlYXRlIjozMDAwMDAwMDAwMDAsInVwZGF0ZSI6MzAwMDAwMDAwMDAwfX0=",
          "dependencies": [
            "aws_lb.alb",
            "aws_lb_target_group.traefik_tg",
            "aws_security_group.alb_sg",
            "data.aws_vpc.default"
          ]
        }
      ]
    },
    {
      "mode": "managed",
      "type": "aws_lb_target_group",
      "name": "traefik_tg",
      "provider": "provider[\"registry.terraform.io/hashicorp/aws\"]",
      "instances": [
        {
          "schema_version": 0,
          "attributes": {
            "arn": "arn:aws:elasticloadbalancing:ap-south-1:520868820355:targetgroup/traefik-target-group/d91e9c20ac3beb01",
            "arn_suffix": "targetgroup/traefik-target-group/d91e9c20ac3beb01",
            "connection_termination": null,
            "deregistration_delay": "300",
            "health_check": [
              {
                "enabled": true,
                "healthy_threshold": 3,
                "interval": 30,
                "matcher": "200",
                "path": "/",
                "port": "traffic-port",
                "protocol": "HTTP",
                "timeout": 5,
                "unhealthy_threshold": 3
              }
            ],
            "id": "arn:aws:elasticloadbalancing:ap-south-1:520868820355:targetgroup/traefik-target-group/d91e9c20ac3beb01",
            "ip_address_type": "ipv4",
            "lambda_multi_value_headers_enabled": false,
            "load_balancer_arns": [
              "arn:aws:elasticloadbalancing:ap-south-1:520868820355:loadbalancer/app/traefik-alb/93fa70ba3c6a9354"
            ],
            "load_balancing_algorithm_type": "round_robin",
            "load_balancing_anomaly_mitigation": "off",
            "load_balancing_cross_zone_enabled": "use_load_balancer_configuration",
            "name": "traefik-target-group",
            "name_prefix": "",
            "port": 80,
            "preserve_client_ip": null,
            "protocol": "HTTP",
            "protocol_version": "HTTP1",
            "proxy_protocol_v2": false,
            "slow_start": 0,
            "stickiness": [
              {
                "cookie_duration": 86400,
                "cookie_name": "",
                "enabled": false,
                "type": "lb_cookie"
              }
            ],
            "tags": {},
            "tags_all": {},
            "target_failover": [
              {
                "on_deregistration": null,
                "on_unhealthy": null
              }
            ],
            "target_group_health": [
              {
                "dns_failover": [
                  {
                    "minimum_healthy_targets_count": "1",
                    "minimum_healthy_targets_percentage": "off"
                  }
                ],
                "unhealthy_state_routing": [
                  {
                    "minimum_healthy_targets_count": 1,
                    "minimum_healthy_targets_percentage": "off"
                  }
                ]
              }
            ],
            "target_health_state": [
              {
                "enable_unhealthy_connection_termination": null,
                "unhealthy_draining_interval": null
              }
            ],
            "target_type": "instance",
            "vpc_id": "vpc-0737d749e2dee4893"
          },
          "sensitive_attributes": [],
          "private": "bnVsbA==",
          "dependencies": [
            "data.aws_vpc.default"
          ]
        }
      ]
    },
    {
      "mode": "managed",
      "type": "aws_nat_gateway",
      "name": "nat-gw",
      "provider": "provider[\"registry.terraform.io/hashicorp/aws\"]",
      "instances": [
        {
          "schema_version": 0,
          "attributes": {
            "allocation_id": "eipalloc-0e89bdfec4b197430",
            "association_id": "eipassoc-036a0294ad3e24e7d",
            "connectivity_type": "public",
            "id": "nat-00a7e1e415564c7ad",
            "network_interface_id": "eni-0712d05b2f622a01a",
            "private_ip": "172.31.23.209",
            "public_ip": "13.202.4.179",
            "secondary_allocation_ids": null,
            "secondary_private_ip_address_count": 0,
            "secondary_private_ip_addresses": [],
            "subnet_id": "subnet-0a18307b117c47f8a",
            "tags": {
              "Name": "gw NAT"
            },
            "tags_all": {
              "Name": "gw NAT"
            },
            "timeouts": null
          },
          "sensitive_attributes": [],
          "private": "eyJlMmJmYjczMC1lY2FhLTExZTYtOGY4OC0zNDM2M2JjN2M0YzAiOnsiY3JlYXRlIjo2MDAwMDAwMDAwMDAsImRlbGV0ZSI6MTgwMDAwMDAwMDAwMCwidXBkYXRlIjo2MDAwMDAwMDAwMDB9fQ==",
          "dependencies": [
            "aws_eip.nat_gateway_eip",
            "data.aws_internet_gateway.default",
            "data.aws_subnet.my_subnet",
            "data.aws_subnets.public_subnets",
            "data.aws_vpc.default"
          ]
        }
      ]
    },
    {
      "mode": "managed",
      "type": "aws_route_table",
      "name": "igw_rt",
      "provider": "provider[\"registry.terraform.io/hashicorp/aws\"]",
      "instances": [
        {
          "schema_version": 0,
          "attributes": {
            "arn": "arn:aws:ec2:ap-south-1:520868820355:route-table/rtb-05a460d2bb94a3f04",
            "id": "rtb-05a460d2bb94a3f04",
            "owner_id": "520868820355",
            "propagating_vgws": [],
            "route": [
              {
                "carrier_gateway_id": "",
                "cidr_block": "0.0.0.0/0",
                "core_network_arn": "",
                "destination_prefix_list_id": "",
                "egress_only_gateway_id": "",
                "gateway_id": "igw-0ac2e1b5b4fa4f8d7",
                "ipv6_cidr_block": "",
                "local_gateway_id": "",
                "nat_gateway_id": "",
                "network_interface_id": "",
                "transit_gateway_id": "",
                "vpc_endpoint_id": "",
                "vpc_peering_connection_id": ""
              }
            ],
            "tags": {
              "Name": "public-rtable-3"
            },
            "tags_all": {
              "Name": "public-rtable-3"
            },
            "timeouts": null,
            "vpc_id": "vpc-0737d749e2dee4893"
          },
          "sensitive_attributes": [],
          "private": "eyJlMmJmYjczMC1lY2FhLTExZTYtOGY4OC0zNDM2M2JjN2M0YzAiOnsiY3JlYXRlIjozMDAwMDAwMDAwMDAsImRlbGV0ZSI6MzAwMDAwMDAwMDAwLCJ1cGRhdGUiOjEyMDAwMDAwMDAwMH19",
          "dependencies": [
            "data.aws_internet_gateway.default",
            "data.aws_vpc.default"
          ]
        }
      ]
    },
    {
      "mode": "managed",
      "type": "aws_route_table",
      "name": "workernode_rt1",
      "provider": "provider[\"registry.terraform.io/hashicorp/aws\"]",
      "instances": [
        {
          "schema_version": 0,
          "attributes": {
            "arn": "arn:aws:ec2:ap-south-1:520868820355:route-table/rtb-0981b9be8e98b7189",
            "id": "rtb-0981b9be8e98b7189",
            "owner_id": "520868820355",
            "propagating_vgws": [],
            "route": [
              {
                "carrier_gateway_id": "",
                "cidr_block": "0.0.0.0/0",
                "core_network_arn": "",
                "destination_prefix_list_id": "",
                "egress_only_gateway_id": "",
                "gateway_id": "",
                "ipv6_cidr_block": "",
                "local_gateway_id": "",
                "nat_gateway_id": "nat-00a7e1e415564c7ad",
                "network_interface_id": "",
                "transit_gateway_id": "",
                "vpc_endpoint_id": "",
                "vpc_peering_connection_id": ""
              }
            ],
            "tags": {
              "Name": "private-rtable-1"
            },
            "tags_all": {
              "Name": "private-rtable-1"
            },
            "timeouts": null,
            "vpc_id": "vpc-0737d749e2dee4893"
          },
          "sensitive_attributes": [],
          "private": "eyJlMmJmYjczMC1lY2FhLTExZTYtOGY4OC0zNDM2M2JjN2M0YzAiOnsiY3JlYXRlIjozMDAwMDAwMDAwMDAsImRlbGV0ZSI6MzAwMDAwMDAwMDAwLCJ1cGRhdGUiOjEyMDAwMDAwMDAwMH19",
          "dependencies": [
            "aws_eip.nat_gateway_eip",
            "aws_nat_gateway.nat-gw",
            "data.aws_internet_gateway.default",
            "data.aws_subnet.my_subnet",
            "data.aws_subnets.public_subnets",
            "data.aws_vpc.default"
          ]
        }
      ]
    },
    {
      "mode": "managed",
      "type": "aws_route_table",
      "name": "workernode_rt2",
      "provider": "provider[\"registry.terraform.io/hashicorp/aws\"]",
      "instances": [
        {
          "schema_version": 0,
          "attributes": {
            "arn": "arn:aws:ec2:ap-south-1:520868820355:route-table/rtb-038bd8ee914b37741",
            "id": "rtb-038bd8ee914b37741",
            "owner_id": "520868820355",
            "propagating_vgws": [],
            "route": [
              {
                "carrier_gateway_id": "",
                "cidr_block": "0.0.0.0/0",
                "core_network_arn": "",
                "destination_prefix_list_id": "",
                "egress_only_gateway_id": "",
                "gateway_id": "",
                "ipv6_cidr_block": "",
                "local_gateway_id": "",
                "nat_gateway_id": "nat-00a7e1e415564c7ad",
                "network_interface_id": "",
                "transit_gateway_id": "",
                "vpc_endpoint_id": "",
                "vpc_peering_connection_id": ""
              }
            ],
            "tags": {
              "Name": "private-rtable-2"
            },
            "tags_all": {
              "Name": "private-rtable-2"
            },
            "timeouts": null,
            "vpc_id": "vpc-0737d749e2dee4893"
          },
          "sensitive_attributes": [],
          "private": "eyJlMmJmYjczMC1lY2FhLTExZTYtOGY4OC0zNDM2M2JjN2M0YzAiOnsiY3JlYXRlIjozMDAwMDAwMDAwMDAsImRlbGV0ZSI6MzAwMDAwMDAwMDAwLCJ1cGRhdGUiOjEyMDAwMDAwMDAwMH19",
          "dependencies": [
            "aws_eip.nat_gateway_eip",
            "aws_nat_gateway.nat-gw",
            "data.aws_internet_gateway.default",
            "data.aws_subnet.my_subnet",
            "data.aws_subnets.public_subnets",
            "data.aws_vpc.default"
          ]
        }
      ]
    },
    {
      "mode": "managed",
      "type": "aws_route_table_association",
      "name": "igw_rtassociation",
      "provider": "provider[\"registry.terraform.io/hashicorp/aws\"]",
      "instances": [
        {
          "schema_version": 0,
          "attributes": {
            "gateway_id": "",
            "id": "rtbassoc-0d8745bad224cede1",
            "route_table_id": "rtb-05a460d2bb94a3f04",
            "subnet_id": "subnet-0a18307b117c47f8a",
            "timeouts": null
          },
          "sensitive_attributes": [],
          "private": "eyJlMmJmYjczMC1lY2FhLTExZTYtOGY4OC0zNDM2M2JjN2M0YzAiOnsiY3JlYXRlIjozMDAwMDAwMDAwMDAsImRlbGV0ZSI6MzAwMDAwMDAwMDAwLCJ1cGRhdGUiOjEyMDAwMDAwMDAwMH19",
          "dependencies": [
            "aws_route_table.igw_rt",
            "data.aws_internet_gateway.default",
            "data.aws_subnet.my_subnet",
            "data.aws_subnets.public_subnets",
            "data.aws_vpc.default"
          ]
        }
      ]
    },
    {
      "mode": "managed",
      "type": "aws_route_table_association",
      "name": "workernode_rtassociation1",
      "provider": "provider[\"registry.terraform.io/hashicorp/aws\"]",
      "instances": [
        {
          "schema_version": 0,
          "attributes": {
            "gateway_id": "",
            "id": "rtbassoc-0028a00d960fb217a",
            "route_table_id": "rtb-0981b9be8e98b7189",
            "subnet_id": "subnet-0398324fdee4b5875",
            "timeouts": null
          },
          "sensitive_attributes": [],
          "private": "eyJlMmJmYjczMC1lY2FhLTExZTYtOGY4OC0zNDM2M2JjN2M0YzAiOnsiY3JlYXRlIjozMDAwMDAwMDAwMDAsImRlbGV0ZSI6MzAwMDAwMDAwMDAwLCJ1cGRhdGUiOjEyMDAwMDAwMDAwMH19",
          "dependencies": [
            "aws_eip.nat_gateway_eip",
            "aws_nat_gateway.nat-gw",
            "aws_route_table.workernode_rt1",
            "aws_subnet.workernode_private_subnet1",
            "data.aws_internet_gateway.default",
            "data.aws_subnet.my_subnet",
            "data.aws_subnets.public_subnets",
            "data.aws_vpc.default"
          ]
        }
      ]
    },
    {
      "mode": "managed",
      "type": "aws_route_table_association",
      "name": "workernode_rtassociation2",
      "provider": "provider[\"registry.terraform.io/hashicorp/aws\"]",
      "instances": [
        {
          "schema_version": 0,
          "attributes": {
            "gateway_id": "",
            "id": "rtbassoc-0559b87c3a1c886a2",
            "route_table_id": "rtb-038bd8ee914b37741",
            "subnet_id": "subnet-037724724c411c2de",
            "timeouts": null
          },
          "sensitive_attributes": [],
          "private": "eyJlMmJmYjczMC1lY2FhLTExZTYtOGY4OC0zNDM2M2JjN2M0YzAiOnsiY3JlYXRlIjozMDAwMDAwMDAwMDAsImRlbGV0ZSI6MzAwMDAwMDAwMDAwLCJ1cGRhdGUiOjEyMDAwMDAwMDAwMH19",
          "dependencies": [
            "aws_eip.nat_gateway_eip",
            "aws_nat_gateway.nat-gw",
            "aws_route_table.workernode_rt2",
            "aws_subnet.workernode_private_subnet2",
            "data.aws_internet_gateway.default",
            "data.aws_subnet.my_subnet",
            "data.aws_subnets.public_subnets",
            "data.aws_vpc.default"
          ]
        }
      ]
    },
    {
      "mode": "managed",
      "type": "aws_security_group",
      "name": "alb_sg",
      "provider": "provider[\"registry.terraform.io/hashicorp/aws\"]",
      "instances": [
        {
          "schema_version": 1,
          "attributes": {
            "arn": "arn:aws:ec2:ap-south-1:520868820355:security-group/sg-03e9fed50aacb4c24",
            "description": "Security group for ALB",
            "egress": [
              {
                "cidr_blocks": [
                  "0.0.0.0/0"
                ],
                "description": "",
                "from_port": 0,
                "ipv6_cidr_blocks": [],
                "prefix_list_ids": [],
                "protocol": "-1",
                "security_groups": [],
                "self": false,
                "to_port": 0
              }
            ],
            "id": "sg-03e9fed50aacb4c24",
            "ingress": [
              {
                "cidr_blocks": [
                  "0.0.0.0/0"
                ],
                "description": "",
                "from_port": 443,
                "ipv6_cidr_blocks": [],
                "prefix_list_ids": [],
                "protocol": "tcp",
                "security_groups": [],
                "self": false,
                "to_port": 443
              },
              {
                "cidr_blocks": [
                  "0.0.0.0/0"
                ],
                "description": "",
                "from_port": 80,
                "ipv6_cidr_blocks": [],
                "prefix_list_ids": [],
                "protocol": "tcp",
                "security_groups": [],
                "self": false,
                "to_port": 80
              }
            ],
            "name": "alb-security-group",
            "name_prefix": "",
            "owner_id": "520868820355",
            "revoke_rules_on_delete": false,
            "tags": {},
            "tags_all": {},
            "timeouts": null,
            "vpc_id": "vpc-0737d749e2dee4893"
          },
          "sensitive_attributes": [],
          "private": "eyJlMmJmYjczMC1lY2FhLTExZTYtOGY4OC0zNDM2M2JjN2M0YzAiOnsiY3JlYXRlIjo2MDAwMDAwMDAwMDAsImRlbGV0ZSI6OTAwMDAwMDAwMDAwfSwic2NoZW1hX3ZlcnNpb24iOiIxIn0=",
          "dependencies": [
            "data.aws_vpc.default"
          ]
        }
      ]
    },
    {
      "mode": "managed",
      "type": "aws_security_group",
      "name": "allow_nodes_to_cluster",
      "provider": "provider[\"registry.terraform.io/hashicorp/aws\"]",
      "instances": [
        {
          "schema_version": 1,
          "attributes": {
            "arn": "arn:aws:ec2:ap-south-1:520868820355:security-group/sg-03e9fed50aacb4c24",
            "description": "Security group for ALB",
            "egress": [
              {
                "cidr_blocks": [
                  "0.0.0.0/0"
                ],
                "description": "",
                "from_port": 0,
                "ipv6_cidr_blocks": [],
                "prefix_list_ids": [],
                "protocol": "-1",
                "security_groups": [],
                "self": false,
                "to_port": 0
              }
            ],
            "id": "sg-03e9fed50aacb4c24",
            "ingress": [
              {
                "cidr_blocks": [
                  "0.0.0.0/0"
                ],
                "description": "",
                "from_port": 443,
                "ipv6_cidr_blocks": [],
                "prefix_list_ids": [],
                "protocol": "tcp",
                "security_groups": [],
                "self": false,
                "to_port": 443
              },
              {
                "cidr_blocks": [
                  "0.0.0.0/0"
                ],
                "description": "",
                "from_port": 80,
                "ipv6_cidr_blocks": [],
                "prefix_list_ids": [],
                "protocol": "tcp",
                "security_groups": [],
                "self": false,
                "to_port": 80
              }
            ],
            "name": "alb-security-group",
            "name_prefix": "",
            "owner_id": "520868820355",
            "revoke_rules_on_delete": null,
            "tags": {},
            "tags_all": {},
            "timeouts": null,
            "vpc_id": "vpc-0737d749e2dee4893"
          },
          "sensitive_attributes": [],
          "private": "eyJlMmJmYjczMC1lY2FhLTExZTYtOGY4OC0zNDM2M2JjN2M0YzAiOnsiY3JlYXRlIjo2MDAwMDAwMDAwMDAsImRlbGV0ZSI6OTAwMDAwMDAwMDAwfSwic2NoZW1hX3ZlcnNpb24iOiIxIn0=",
          "dependencies": [
            "data.aws_vpc.default"
          ]
        }
      ]
    },
    {
      "mode": "managed",
      "type": "aws_subnet",
      "name": "workernode_private_subnet1",
      "provider": "provider[\"registry.terraform.io/hashicorp/aws\"]",
      "instances": [
        {
          "schema_version": 1,
          "attributes": {
            "arn": "arn:aws:ec2:ap-south-1:520868820355:subnet/subnet-0398324fdee4b5875",
            "assign_ipv6_address_on_creation": false,
            "availability_zone": "ap-south-1a",
            "availability_zone_id": "aps1-az1",
            "cidr_block": "172.31.48.0/20",
            "customer_owned_ipv4_pool": "",
            "enable_dns64": false,
            "enable_lni_at_device_index": 0,
            "enable_resource_name_dns_a_record_on_launch": false,
            "enable_resource_name_dns_aaaa_record_on_launch": false,
            "id": "subnet-0398324fdee4b5875",
            "ipv6_cidr_block": "",
            "ipv6_cidr_block_association_id": "",
            "ipv6_native": false,
            "map_customer_owned_ip_on_launch": false,
            "map_public_ip_on_launch": false,
            "outpost_arn": "",
            "owner_id": "520868820355",
            "private_dns_hostname_type_on_launch": "ip-name",
            "tags": {
              "Name": "WorkerPrivateSubnet1"
            },
            "tags_all": {
              "Name": "WorkerPrivateSubnet1"
            },
            "timeouts": null,
            "vpc_id": "vpc-0737d749e2dee4893"
          },
          "sensitive_attributes": [],
          "private": "eyJlMmJmYjczMC1lY2FhLTExZTYtOGY4OC0zNDM2M2JjN2M0YzAiOnsiY3JlYXRlIjo2MDAwMDAwMDAwMDAsImRlbGV0ZSI6MTIwMDAwMDAwMDAwMH0sInNjaGVtYV92ZXJzaW9uIjoiMSJ9",
          "dependencies": [
            "data.aws_vpc.default"
          ]
        }
      ]
    },
    {
      "mode": "managed",
      "type": "aws_subnet",
      "name": "workernode_private_subnet2",
      "provider": "provider[\"registry.terraform.io/hashicorp/aws\"]",
      "instances": [
        {
          "schema_version": 1,
          "attributes": {
            "arn": "arn:aws:ec2:ap-south-1:520868820355:subnet/subnet-037724724c411c2de",
            "assign_ipv6_address_on_creation": false,
            "availability_zone": "ap-south-1b",
            "availability_zone_id": "aps1-az3",
            "cidr_block": "172.31.64.0/20",
            "customer_owned_ipv4_pool": "",
            "enable_dns64": false,
            "enable_lni_at_device_index": 0,
            "enable_resource_name_dns_a_record_on_launch": false,
            "enable_resource_name_dns_aaaa_record_on_launch": false,
            "id": "subnet-037724724c411c2de",
            "ipv6_cidr_block": "",
            "ipv6_cidr_block_association_id": "",
            "ipv6_native": false,
            "map_customer_owned_ip_on_launch": false,
            "map_public_ip_on_launch": false,
            "outpost_arn": "",
            "owner_id": "520868820355",
            "private_dns_hostname_type_on_launch": "ip-name",
            "tags": {
              "Name": "WorkerPrivateSubnet2"
            },
            "tags_all": {
              "Name": "WorkerPrivateSubnet2"
            },
            "timeouts": null,
            "vpc_id": "vpc-0737d749e2dee4893"
          },
          "sensitive_attributes": [],
          "private": "eyJlMmJmYjczMC1lY2FhLTExZTYtOGY4OC0zNDM2M2JjN2M0YzAiOnsiY3JlYXRlIjo2MDAwMDAwMDAwMDAsImRlbGV0ZSI6MTIwMDAwMDAwMDAwMH0sInNjaGVtYV92ZXJzaW9uIjoiMSJ9",
          "dependencies": [
            "data.aws_vpc.default"
          ]
        }
      ]
    }
  ],
  "check_results": null
}
